
Microsoft Visual Studio Solution File, Format Version 12.00
Project("{FAE04EC0-301F-11D3-BF4B-00C04F79EFBC}") = "KolosExample", "KolosExample\KolosExample.csproj", "{30C4189B-0963-428E-87F4-BA28FD74A04B}"
EndProject
Global
	GlobalSection(SolutionConfigurationPlatforms) = preSolution
		Debug|Any CPU = Debug|Any CPU
		Release|Any CPU = Release|Any CPU
	EndGlobalSection
	GlobalSection(ProjectConfigurationPlatforms) = postSolution
		{30C4189B-0963-428E-87F4-BA28FD74A04B}.Debug|Any CPU.ActiveCfg = Debug|Any CPU
		{30C4189B-0963-428E-87F4-BA28FD74A04B}.Debug|Any CPU.Build.0 = Debug|Any CPU
		{30C4189B-0963-428E-87F4-BA28FD74A04B}.Release|Any CPU.ActiveCfg = Release|Any CPU
		{30C4189B-0963-428E-87F4-BA28FD74A04B}.Release|Any CPU.Build.0 = Release|Any CPU
	EndGlobalSection
EndGlobal
